// !$*UTF8*$!
{
	archiveVersion = 1;
	classes = {
	};
	objectVersion = 56;
	objects = {

/* Begin PBXBuildFile section */
		854C166B2A462701005BCEFC /* AppDelegate.swift in Sources */ = {isa = PBXBuildFile; fileRef = 854C166A2A462701005BCEFC /* AppDelegate.swift */; };
		854C166D2A462701005BCEFC /* SceneDelegate.swift in Sources */ = {isa = PBXBuildFile; fileRef = 854C166C2A462701005BCEFC /* SceneDelegate.swift */; };
		854C166F2A462701005BCEFC /* ViewController.swift in Sources */ = {isa = PBXBuildFile; fileRef = 854C166E2A462701005BCEFC /* ViewController.swift */; };
		854C16722A462701005BCEFC /* Main.storyboard in Resources */ = {isa = PBXBuildFile; fileRef = 854C16702A462701005BCEFC /* Main.storyboard */; };
		854C16752A462701005BCEFC /* StoreTableItemsInCoreData.xcdatamodeld in Sources */ = {isa = PBXBuildFile; fileRef = 854C16732A462701005BCEFC /* StoreTableItemsInCoreData.xcdatamodeld */; };
		854C16772A462704005BCEFC /* Assets.xcassets in Resources */ = {isa = PBXBuildFile; fileRef = 854C16762A462704005BCEFC /* Assets.xcassets */; };
		854C167A2A462704005BCEFC /* LaunchScreen.storyboard in Resources */ = {isa = PBXBuildFile; fileRef = 854C16782A462704005BCEFC /* LaunchScreen.storyboard */; };
/* End PBXBuildFile section */

/* Begin PBXFileReference section */
		854C16672A462701005BCEFC /* StoreTableItemsInCoreData.app */ = {isa = PBXFileReference; explicitFileType = wrapper.application; includeInIndex = 0; path = StoreTableItemsInCoreData.app; sourceTree = BUILT_PRODUCTS_DIR; };
		854C166A2A462701005BCEFC /* AppDelegate.swift */ = {isa = PBXFileReference; lastKnownFileType = sourcecode.swift; path = AppDelegate.swift; sourceTree = "<group>"; };
		854C166C2A462701005BCEFC /* SceneDelegate.swift */ = {isa = PBXFileReference; lastKnownFileType = sourcecode.swift; path = SceneDelegate.swift; sourceTree = "<group>"; };
		854C166E2A462701005BCEFC /* ViewController.swift */ = {isa = PBXFileReference; lastKnownFileType = sourcecode.swift; path = ViewController.swift; sourceTree = "<group>"; };
		854C16712A462701005BCEFC /* Base */ = {isa = PBXFileReference; lastKnownFileType = file.storyboard; name = Base; path = Base.lproj/Main.storyboard; sourceTree = "<group>"; };
		854C16742A462701005BCEFC /* StoreTableItemsInCoreData.xcdatamodel */ = {isa = PBXFileReference; lastKnownFileType = wrapper.xcdatamodel; path = StoreTableItemsInCoreData.xcdatamodel; sourceTree = "<group>"; };
		854C16762A462704005BCEFC /* Assets.xcassets */ = {isa = PBXFileReference; lastKnownFileType = folder.assetcatalog; path = Assets.xcassets; sourceTree = "<group>"; };
		854C16792A462704005BCEFC /* Base */ = {isa = PBXFileReference; lastKnownFileType = file.storyboard; name = Base; path = Base.lproj/LaunchScreen.storyboard; sourceTree = "<group>"; };
		854C167B2A462704005BCEFC /* Info.plist */ = {isa = PBXFileReference; lastKnownFileType = text.plist.xml; path = Info.plist; sourceTree = "<group>"; };
/* End PBXFileReference section */

/* Begin PBXFrameworksBuildPhase section */
		854C16642A462701005BCEFC /* Frameworks */ = {
			isa = PBXFrameworksBuildPhase;
			buildActionMask = 2147483647;
			files = (
			);
			runOnlyForDeploymentPostprocessing = 0;
		};
/* End PBXFrameworksBuildPhase section */

/* Begin PBXGroup section */
		854C165E2A462701005BCEFC = {
			isa = PBXGroup;
			children = (
				854C16692A462701005BCEFC /* StoreTableItemsInCoreData */,
				854C16682A462701005BCEFC /* Products */,
			);
			sourceTree = "<group>";
		};
		854C16682A462701005BCEFC /* Products */ = {
			isa = PBXGroup;
			children = (
				854C16672A462701005BCEFC /* StoreTableItemsInCoreData.app */,
			);
			name = Products;
			sourceTree = "<group>";
		};
		854C16692A462701005BCEFC /* StoreTableItemsInCoreData */ = {
			isa = PBXGroup;
			children = (
				854C16812A462735005BCEFC /* Supporting Files */,
				854C166C2A462701005BCEFC /* SceneDelegate.swift */,
				854C16822A462740005BCEFC /* Controller */,
				854C16832A46274D005BCEFC /* View */,
				854C16762A462704005BCEFC /* Assets.xcassets */,
				854C16782A462704005BCEFC /* LaunchScreen.storyboard */,
				854C167B2A462704005BCEFC /* Info.plist */,
				854C16732A462701005BCEFC /* StoreTableItemsInCoreData.xcdatamodeld */,
			);
			path = StoreTableItemsInCoreData;
			sourceTree = "<group>";
		};
		854C16812A462735005BCEFC /* Supporting Files */ = {
			isa = PBXGroup;
			children = (
				854C166A2A462701005BCEFC /* AppDelegate.swift */,
			);
			path = "Supporting Files";
			sourceTree = "<group>";
		};
		854C16822A462740005BCEFC /* Controller */ = {
			isa = PBXGroup;
			children = (
				854C166E2A462701005BCEFC /* ViewController.swift */,
			);
			path = Controller;
			sourceTree = "<group>";
		};
		854C16832A46274D005BCEFC /* View */ = {
			isa = PBXGroup;
			children = (
				854C16702A462701005BCEFC /* Main.storyboard */,
			);
			path = View;
			sourceTree = "<group>";
		};
/* End PBXGroup section */

/* Begin PBXNativeTarget section */
		854C16662A462701005BCEFC /* StoreTableItemsInCoreData */ = {
			isa = PBXNativeTarget;
			buildConfigurationList = 854C167E2A462704005BCEFC /* Build configuration list for PBXNativeTarget "StoreTableItemsInCoreData" */;
			buildPhases = (
				854C16632A462701005BCEFC /* Sources */,
				854C16642A462701005BCEFC /* Frameworks */,
				854C16652A462701005BCEFC /* Resources */,
			);
			buildRules = (
			);
			dependencies = (
			);
			name = StoreTableItemsInCoreData;
			productName = StoreTableItemsInCoreData;
			productReference = 854C16672A462701005BCEFC /* StoreTableItemsInCoreData.app */;
			productType = "com.apple.product-type.application";
		};
/* End PBXNativeTarget section */

/* Begin PBXProject section */
		854C165F2A462701005BCEFC /* Project object */ = {
			isa = PBXProject;
			attributes = {
				BuildIndependentTargetsInParallel = 1;
				LastSwiftUpdateCheck = 1430;
				LastUpgradeCheck = 1430;
				TargetAttributes = {
					854C16662A462701005BCEFC = {
						CreatedOnToolsVersion = 14.3.1;
					};
				};
			};
			buildConfigurationList = 854C16622A462701005BCEFC /* Build configuration list for PBXProject "StoreTableItemsInCoreData" */;
			compatibilityVersion = "Xcode 14.0";
			developmentRegion = en;
			hasScannedForEncodings = 0;
			knownRegions = (
				en,
				Base,
			);
			mainGroup = 854C165E2A462701005BCEFC;
			productRefGroup = 854C16682A462701005BCEFC /* Products */;
			projectDirPath = "";
			projectRoot = "";
			targets = (
				854C16662A462701005BCEFC /* StoreTableItemsInCoreData */,
			);
		};
/* End PBXProject section */

/* Begin PBXResourcesBuildPhase section */
		854C16652A462701005BCEFC /* Resources */ = {
			isa = PBXResourcesBuildPhase;
			buildActionMask = 2147483647;
			files = (
				854C167A2A462704005BCEFC /* LaunchScreen.storyboard in Resources */,
				854C16772A462704005BCEFC /* Assets.xcassets in Resources */,
				854C16722A462701005BCEFC /* Main.storyboard in Resources */,
			);
			runOnlyForDeploymentPostprocessing = 0;
		};
/* End PBXResourcesBuildPhase section */

/* Begin PBXSourcesBuildPhase section */
		854C16632A462701005BCEFC /* Sources */ = {
			isa = PBXSourcesBuildPhase;
			buildActionMask = 2147483647;
			files = (
				854C166F2A462701005BCEFC /* ViewController.swift in Sources */,
				854C166B2A462701005BCEFC /* AppDelegate.swift in Sources */,
				854C166D2A462701005BCEFC /* SceneDelegate.swift in Sources */,
				854C16752A462701005BCEFC /* StoreTableItemsInCoreData.xcdatamodeld in Sources */,
			);
			runOnlyForDeploymentPostprocessing = 0;
		};
/* End PBXSourcesBuildPhase section */

/* Begin PBXVariantGroup section */
		854C16702A462701005BCEFC /* Main.storyboard */ = {
			isa = PBXVariantGroup;
			children = (
				854C16712A462701005BCEFC /* Base */,
			);
			name = Main.storyboard;
			sourceTree = "<group>";
		};
		854C16782A462704005BCEFC /* LaunchScreen.storyboard */ = {
			isa = PBXVariantGroup;
			children = (
				854C16792A462704005BCEFC /* Base */,
			);
			name = LaunchScreen.storyboard;
			sourceTree = "<group>";
		};
/* End PBXVariantGroup section */

/* Begin XCBuildConfiguration section */
		854C167C2A462704005BCEFC /* Debug */ = {
			isa = XCBuildConfiguration;
			buildSettings = {
				ALWAYS_SEARCH_USER_PATHS = NO;
				CLANG_ANALYZER_NONNULL = YES;
				CLANG_ANALYZER_NUMBER_OBJECT_CONVERSION = YES_AGGRESSIVE;
				CLANG_CXX_LANGUAGE_STANDARD = "gnu++20";
				CLANG_ENABLE_MODULES = YES;
				CLANG_ENABLE_OBJC_ARC = YES;
				CLANG_ENABLE_OBJC_WEAK = YES;
				CLANG_WARN_BLOCK_CAPTURE_AUTORELEASING = YES;
				CLANG_WARN_BOOL_CONVERSION = YES;
				CLANG_WARN_COMMA = YES;
				CLANG_WARN_CONSTANT_CONVERSION = YES;
				CLANG_WARN_DEPRECATED_OBJC_IMPLEMENTATIONS = YES;
				CLANG_WARN_DIRECT_OBJC_ISA_USAGE = YES_ERROR;
				CLANG_WARN_DOCUMENTATION_COMMENTS = YES;
				CLANG_WARN_EMPTY_BODY = YES;
				CLANG_WARN_ENUM_CONVERSION = YES;
				CLANG_WARN_INFINITE_RECURSION = YES;
				CLANG_WARN_INT_CONVERSION = YES;
				CLANG_WARN_NON_LITERAL_NULL_CONVERSION = YES;
				CLANG_WARN_OBJC_IMPLICIT_RETAIN_SELF = YES;
				CLANG_WARN_OBJC_LITERAL_CONVERSION = YES;
				CLANG_WARN_OBJC_ROOT_CLASS = YES_ERROR;
				CLANG_WARN_QUOTED_INCLUDE_IN_FRAMEWORK_HEADER = YES;
				CLANG_WARN_RANGE_LOOP_ANALYSIS = YES;
				CLANG_WARN_STRICT_PROTOTYPES = YES;
				CLANG_WARN_SUSPICIOUS_MOVE = YES;
				CLANG_WARN_UNGUARDED_AVAILABILITY = YES_AGGRESSIVE;
				CLANG_WARN_UNREACHABLE_CODE = YES;
				CLANG_WARN__DUPLICATE_METHOD_MATCH = YES;
				COPY_PHASE_STRIP = NO;
				DEBUG_INFORMATION_FORMAT = dwarf;
				ENABLE_STRICT_OBJC_MSGSEND = YES;
				ENABLE_TESTABILITY = YES;
				GCC_C_LANGUAGE_STANDARD = gnu11;
				GCC_DYNAMIC_NO_PIC = NO;
				GCC_NO_COMMON_BLOCKS = YES;
				GCC_OPTIMIZATION_LEVEL = 0;
				GCC_PREPROCESSOR_DEFINITIONS = (
					"DEBUG=1",
					"$(inherited)",
				);
				GCC_WARN_64_TO_32_BIT_CONVERSION = YES;
				GCC_WARN_ABOUT_RETURN_TYPE = YES_ERROR;
				GCC_WARN_UNDECLARED_SELECTOR = YES;
				GCC_WARN_UNINITIALIZED_AUTOS = YES_AGGRESSIVE;
				GCC_WARN_UNUSED_FUNCTION = YES;
				GCC_WARN_UNUSED_VARIABLE = YES;
				IPHONEOS_DEPLOYMENT_TARGET = 16.4;
				MTL_ENABLE_DEBUG_INFO = INCLUDE_SOURCE;
				MTL_FAST_MATH = YES;
				ONLY_ACTIVE_ARCH = YES;
				SDKROOT = iphoneos;
				SWIFT_ACTIVE_COMPILATION_CONDITIONS = DEBUG;
				SWIFT_OPTIMIZATION_LEVEL = "-Onone";
			};
			name = Debug;
		};
		854C167D2A462704005BCEFC /* Release */ = {
			isa = XCBuildConfiguration;
			buildSettings = {
				ALWAYS_SEARCH_USER_PATHS = NO;
				CLANG_ANALYZER_NONNULL = YES;
				CLANG_ANALYZER_NUMBER_OBJECT_CONVERSION = YES_AGGRESSIVE;
				CLANG_CXX_LANGUAGE_STANDARD = "gnu++20";
				CLANG_ENABLE_MODULES = YES;
				CLANG_ENABLE_OBJC_ARC = YES;
				CLANG_ENABLE_OBJC_WEAK = YES;
				CLANG_WARN_BLOCK_CAPTURE_AUTORELEASING = YES;
				CLANG_WARN_BOOL_CONVERSION = YES;
				CLANG_WARN_COMMA = YES;
				CLANG_WARN_CONSTANT_CONVERSION = YES;
				CLANG_WARN_DEPRECATED_OBJC_IMPLEMENTATIONS = YES;
				CLANG_WARN_DIRECT_OBJC_ISA_USAGE = YES_ERROR;
				CLANG_WARN_DOCUMENTATION_COMMENTS = YES;
				CLANG_WARN_EMPTY_BODY = YES;
				CLANG_WARN_ENUM_CONVERSION = YES;
				CLANG_WARN_INFINITE_RECURSION = YES;
				CLANG_WARN_INT_CONVERSION = YES;
				CLANG_WARN_NON_LITERAL_NULL_CONVERSION = YES;
				CLANG_WARN_OBJC_IMPLICIT_RETAIN_SELF = YES;
				CLANG_WARN_OBJC_LITERAL_CONVERSION = YES;
				CLANG_WARN_OBJC_ROOT_CLASS = YES_ERROR;
				CLANG_WARN_QUOTED_INCLUDE_IN_FRAMEWORK_HEADER = YES;
				CLANG_WARN_RANGE_LOOP_ANALYSIS = YES;
				CLANG_WARN_STRICT_PROTOTYPES = YES;
				CLANG_WARN_SUSPICIOUS_MOVE = YES;
				CLANG_WARN_UNGUARDED_AVAILABILITY = YES_AGGRESSIVE;
				CLANG_WARN_UNREACHABLE_CODE = YES;
				CLANG_WARN__DUPLICATE_METHOD_MATCH = YES;
				COPY_PHASE_STRIP = NO;
				DEBUG_INFORMATION_FORMAT = "dwarf-with-dsym";
				ENABLE_NS_ASSERTIONS = NO;
				ENABLE_STRICT_OBJC_MSGSEND = YES;
				GCC_C_LANGUAGE_STANDARD = gnu11;
				GCC_NO_COMMON_BLOCKS = YES;
				GCC_WARN_64_TO_32_BIT_CONVERSION = YES;
				GCC_WARN_ABOUT_RETURN_TYPE = YES_ERROR;
				GCC_WARN_UNDECLARED_SELECTOR = YES;
				GCC_WARN_UNINITIALIZED_AUTOS = YES_AGGRESSIVE;
				GCC_WARN_UNUSED_FUNCTION = YES;
				GCC_WARN_UNUSED_VARIABLE = YES;
				IPHONEOS_DEPLOYMENT_TARGET = 16.4;
				MTL_ENABLE_DEBUG_INFO = NO;
				MTL_FAST_MATH = YES;
				SDKROOT = iphoneos;
				SWIFT_COMPILATION_MODE = wholemodule;
				SWIFT_OPTIMIZATION_LEVEL = "-O";
				VALIDATE_PRODUCT = YES;
			};
			name = Release;
		};
		854C167F2A462704005BCEFC /* Debug */ = {
			isa = XCBuildConfiguration;
			buildSettings = {
				ASSETCATALOG_COMPILER_APPICON_NAME = AppIcon;
				ASSETCATALOG_COMPILER_GLOBAL_ACCENT_COLOR_NAME = AccentColor;
				CODE_SIGN_STYLE = Automatic;
				CURRENT_PROJECT_VERSION = 1;
				DEVELOPMENT_TEAM = 4LR58F43S2;
				GENERATE_INFOPLIST_FILE = YES;
				INFOPLIST_FILE = StoreTableItemsInCoreData/Info.plist;
				INFOPLIST_KEY_LSApplicationCategoryType = "public.app-category.education";
				INFOPLIST_KEY_UIApplicationSupportsIndirectInputEvents = YES;
				INFOPLIST_KEY_UILaunchStoryboardName = LaunchScreen;
				INFOPLIST_KEY_UIMainStoryboardFile = Main;
				INFOPLIST_KEY_UISupportedInterfaceOrientations_iPad = "UIInterfaceOrientationPortrait UIInterfaceOrientationPortraitUpsideDown UIInterfaceOrientationLandscapeLeft UIInterfaceOrientationLandscapeRight";
				INFOPLIST_KEY_UISupportedInterfaceOrientations_iPhone = "UIInterfaceOrientationPortrait UIInterfaceOrientationLandscapeLeft UIInterfaceOrientationLandscapeRight";
				LD_RUNPATH_SEARCH_PATHS = (
					"$(inherited)",
					"@executable_path/Frameworks",
				);
				MARKETING_VERSION = 1.0;
				PRODUCT_BUNDLE_IDENTIFIER = com.Lgl.StoreTableItemsInCoreData;
				PRODUCT_NAME = "$(TARGET_NAME)";
				SWIFT_EMIT_LOC_STRINGS = YES;
				SWIFT_VERSION = 5.0;
				TARGETED_DEVICE_FAMILY = "1,2";
			};
			name = Debug;
		};
		854C16802A462704005BCEFC /* Release */ = {
			isa = XCBuildConfiguration;
			buildSettings = {
				ASSETCATALOG_COMPILER_APPICON_NAME = AppIcon;
				ASSETCATALOG_COMPILER_GLOBAL_ACCENT_COLOR_NAME = AccentColor;
				CODE_SIGN_STYLE = Automatic;
				CURRENT_PROJECT_VERSION = 1;
				DEVELOPMENT_TEAM = 4LR58F43S2;
				GENERATE_INFOPLIST_FILE = YES;
				INFOPLIST_FILE = StoreTableItemsInCoreData/Info.plist;
				INFOPLIST_KEY_LSApplicationCategoryType = "public.app-category.education";
				INFOPLIST_KEY_UIApplicationSupportsIndirectInputEvents = YES;
				INFOPLIST_KEY_UILaunchStoryboardName = LaunchScreen;
				INFOPLIST_KEY_UIMainStoryboardFile = Main;
				INFOPLIST_KEY_UISupportedInterfaceOrientations_iPad = "UIInterfaceOrientationPortrait UIInterfaceOrientationPortraitUpsideDown UIInterfaceOrientationLandscapeLeft UIInterfaceOrientationLandscapeRight";
				INFOPLIST_KEY_UISupportedInterfaceOrientations_iPhone = "UIInterfaceOrientationPortrait UIInterfaceOrientationLandscapeLeft UIInterfaceOrientationLandscapeRight";
				LD_RUNPATH_SEARCH_PATHS = (
					"$(inherited)",
					"@executable_path/Frameworks",
				);
				MARKETING_VERSION = 1.0;
				PRODUCT_BUNDLE_IDENTIFIER = com.Lgl.StoreTableItemsInCoreData;
				PRODUCT_NAME = "$(TARGET_NAME)";
				SWIFT_EMIT_LOC_STRINGS = YES;
				SWIFT_VERSION = 5.0;
				TARGETED_DEVICE_FAMILY = "1,2";
			};
			name = Release;
		};
/* End XCBuildConfiguration section */

/* Begin XCConfigurationList section */
		854C16622A462701005BCEFC /* Build configuration list for PBXProject "StoreTableItemsInCoreData" */ = {
			isa = XCConfigurationList;
			buildConfigurations = (
				854C167C2A462704005BCEFC /* Debug */,
				854C167D2A462704005BCEFC /* Release */,
			);
			defaultConfigurationIsVisible = 0;
			defaultConfigurationName = Release;
		};
		854C167E2A462704005BCEFC /* Build configuration list for PBXNativeTarget "StoreTableItemsInCoreData" */ = {
			isa = XCConfigurationList;
			buildConfigurations = (
				854C167F2A462704005BCEFC /* Debug */,
				854C16802A462704005BCEFC /* Release */,
			);
			defaultConfigurationIsVisible = 0;
			defaultConfigurationName = Release;
		};
/* End XCConfigurationList section */

/* Begin XCVersionGroup section */
		854C16732A462701005BCEFC /* StoreTableItemsInCoreData.xcdatamodeld */ = {
			isa = XCVersionGroup;
			children = (
				854C16742A462701005BCEFC /* StoreTableItemsInCoreData.xcdatamodel */,
			);
			currentVersion = 854C16742A462701005BCEFC /* StoreTableItemsInCoreData.xcdatamodel */;
			path = StoreTableItemsInCoreData.xcdatamodeld;
			sourceTree = "<group>";
			versionGroupType = wrapper.xcdatamodel;
		};
/* End XCVersionGroup section */
	};
	rootObject = 854C165F2A462701005BCEFC /* Project object */;
}
